
Microsoft Visual Studio Solution File, Format Version 12.00
# Visual Studio 15
VisualStudioVersion = 15.0.27004.2005
MinimumVisualStudioVersion = 10.0.40219.1
Project("{FAE04EC0-301F-11D3-BF4B-00C04F79EFBC}") = "LearningASPCORE", "LearningASPCORE\LearningASPCORE.csproj", "{CC5972ED-286F-4AE4-BBFE-80F29E441B89}"
EndProject
Global
	GlobalSection(SolutionConfigurationPlatforms) = preSolution
		Debug|Any CPU = Debug|Any CPU
		Release|Any CPU = Release|Any CPU
	EndGlobalSection
	GlobalSection(ProjectConfigurationPlatforms) = postSolution
		{CC5972ED-286F-4AE4-BBFE-80F29E441B89}.Debug|Any CPU.ActiveCfg = Debug|Any CPU
		{CC5972ED-286F-4AE4-BBFE-80F29E441B89}.Debug|Any CPU.Build.0 = Debug|Any CPU
		{CC5972ED-286F-4AE4-BBFE-80F29E441B89}.Release|Any CPU.ActiveCfg = Release|Any CPU
		{CC5972ED-286F-4AE4-BBFE-80F29E441B89}.Release|Any CPU.Build.0 = Release|Any CPU
	EndGlobalSection
	GlobalSection(SolutionProperties) = preSolution
		HideSolutionNode = FALSE
	EndGlobalSection
	GlobalSection(ExtensibilityGlobals) = postSolution
		SolutionGuid = {4754C23C-26B2-4A01-AC08-4ECD10BF56FD}
	EndGlobalSection
EndGlobal
